
Microsoft Visual Studio Solution File, Format Version 12.00
# Visual Studio Version 17
VisualStudioVersion = 17.5.002.0
MinimumVisualStudioVersion = 10.0.40219.1
Project("{9A19103F-16F7-4668-BE54-9A1E7A4F7556}") = "DemoApp", "DemoApp.csproj", "{DC425792-5091-4177-9F90-FF19C67E931C}"
EndProject
Global
	GlobalSection(SolutionConfigurationPlatforms) = preSolution
		Debug|Any CPU = Debug|Any CPU
		Release|Any CPU = Release|Any CPU
	EndGlobalSection
	GlobalSection(ProjectConfigurationPlatforms) = postSolution
		{DC425792-5091-4177-9F90-FF19C67E931C}.Debug|Any CPU.ActiveCfg = Debug|Any CPU
		{DC425792-5091-4177-9F90-FF19C67E931C}.Debug|Any CPU.Build.0 = Debug|Any CPU
		{DC425792-5091-4177-9F90-FF19C67E931C}.Release|Any CPU.ActiveCfg = Release|Any CPU
		{DC425792-5091-4177-9F90-FF19C67E931C}.Release|Any CPU.Build.0 = Release|Any CPU
	EndGlobalSection
	GlobalSection(SolutionProperties) = preSolution
		HideSolutionNode = FALSE
	EndGlobalSection
	GlobalSection(ExtensibilityGlobals) = postSolution
		SolutionGuid = {0166F05B-773E-44D5-BDAB-35EB181C0FD0}
	EndGlobalSection
EndGlobal
