
Microsoft Visual Studio Solution File, Format Version 12.00
# Visual Studio Version 17
VisualStudioVersion = 17.5.002.0
MinimumVisualStudioVersion = 10.0.40219.1
Project("{2150E333-8FDC-42A3-9474-1A3956D46DE8}") = "DotNet", "DotNet", "{4F7D610C-1FD6-4995-A273-37DD952895EC}"
EndProject
Project("{2150E333-8FDC-42A3-9474-1A3956D46DE8}") = "Fundamentals", "Fundamentals", "{82BC4346-A774-42D3-9E62-E07B90677540}"
EndProject
Project("{2150E333-8FDC-42A3-9474-1A3956D46DE8}") = "DataTypes", "DataTypes", "{DF6B5180-161A-46A7-9E3C-E5AEB1618E6F}"
EndProject
Project("{2150E333-8FDC-42A3-9474-1A3956D46DE8}") = "PrimitiveTypeTest", "PrimitiveTypeTest", "{0CC915FA-6289-4C59-823B-B62C6B7DB266}"
EndProject
Project("{9A19103F-16F7-4668-BE54-9A1E7A4F7556}") = "DemoApp", "DotNet\Fundamentals\DataTypes\PrimitiveTypeTest\DemoApp\DemoApp.csproj", "{09D25107-0AEC-4A87-8884-4DFC2382A1D3}"
EndProject
Global
	GlobalSection(SolutionConfigurationPlatforms) = preSolution
		Debug|Any CPU = Debug|Any CPU
		Release|Any CPU = Release|Any CPU
	EndGlobalSection
	GlobalSection(ProjectConfigurationPlatforms) = postSolution
		{09D25107-0AEC-4A87-8884-4DFC2382A1D3}.Debug|Any CPU.ActiveCfg = Debug|Any CPU
		{09D25107-0AEC-4A87-8884-4DFC2382A1D3}.Debug|Any CPU.Build.0 = Debug|Any CPU
		{09D25107-0AEC-4A87-8884-4DFC2382A1D3}.Release|Any CPU.ActiveCfg = Release|Any CPU
		{09D25107-0AEC-4A87-8884-4DFC2382A1D3}.Release|Any CPU.Build.0 = Release|Any CPU
	EndGlobalSection
	GlobalSection(SolutionProperties) = preSolution
		HideSolutionNode = FALSE
	EndGlobalSection
	GlobalSection(NestedProjects) = preSolution
		{82BC4346-A774-42D3-9E62-E07B90677540} = {4F7D610C-1FD6-4995-A273-37DD952895EC}
		{DF6B5180-161A-46A7-9E3C-E5AEB1618E6F} = {82BC4346-A774-42D3-9E62-E07B90677540}
		{0CC915FA-6289-4C59-823B-B62C6B7DB266} = {DF6B5180-161A-46A7-9E3C-E5AEB1618E6F}
		{09D25107-0AEC-4A87-8884-4DFC2382A1D3} = {0CC915FA-6289-4C59-823B-B62C6B7DB266}
	EndGlobalSection
	GlobalSection(ExtensibilityGlobals) = postSolution
		SolutionGuid = {50646FE3-BCCF-434A-B971-4C61C6F88399}
	EndGlobalSection
EndGlobal
