
Microsoft Visual Studio Solution File, Format Version 12.00
# Visual Studio Version 17
VisualStudioVersion = 17.5.002.0
MinimumVisualStudioVersion = 10.0.40219.1
Project("{9A19103F-16F7-4668-BE54-9A1E7A4F7556}") = "entityDB", "entityDB.csproj", "{C3F2645E-3975-47ED-8A91-C496061CF2CE}"
EndProject
Global
	GlobalSection(SolutionConfigurationPlatforms) = preSolution
		Debug|Any CPU = Debug|Any CPU
		Release|Any CPU = Release|Any CPU
	EndGlobalSection
	GlobalSection(ProjectConfigurationPlatforms) = postSolution
		{C3F2645E-3975-47ED-8A91-C496061CF2CE}.Debug|Any CPU.ActiveCfg = Debug|Any CPU
		{C3F2645E-3975-47ED-8A91-C496061CF2CE}.Debug|Any CPU.Build.0 = Debug|Any CPU
		{C3F2645E-3975-47ED-8A91-C496061CF2CE}.Release|Any CPU.ActiveCfg = Release|Any CPU
		{C3F2645E-3975-47ED-8A91-C496061CF2CE}.Release|Any CPU.Build.0 = Release|Any CPU
	EndGlobalSection
	GlobalSection(SolutionProperties) = preSolution
		HideSolutionNode = FALSE
	EndGlobalSection
	GlobalSection(ExtensibilityGlobals) = postSolution
		SolutionGuid = {4B09A7E1-55DF-483C-A9E8-6FCE91E27172}
	EndGlobalSection
EndGlobal
