
Microsoft Visual Studio Solution File, Format Version 12.00
# Visual Studio Version 17
VisualStudioVersion = 17.5.002.0
MinimumVisualStudioVersion = 10.0.40219.1
Project("{9A19103F-16F7-4668-BE54-9A1E7A4F7556}") = "DemoApp", "DemoApp.csproj", "{CEFA639B-08B1-43C8-BD2D-4BF4710C8F7B}"
EndProject
Global
	GlobalSection(SolutionConfigurationPlatforms) = preSolution
		Debug|Any CPU = Debug|Any CPU
		Release|Any CPU = Release|Any CPU
	EndGlobalSection
	GlobalSection(ProjectConfigurationPlatforms) = postSolution
		{CEFA639B-08B1-43C8-BD2D-4BF4710C8F7B}.Debug|Any CPU.ActiveCfg = Debug|Any CPU
		{CEFA639B-08B1-43C8-BD2D-4BF4710C8F7B}.Debug|Any CPU.Build.0 = Debug|Any CPU
		{CEFA639B-08B1-43C8-BD2D-4BF4710C8F7B}.Release|Any CPU.ActiveCfg = Release|Any CPU
		{CEFA639B-08B1-43C8-BD2D-4BF4710C8F7B}.Release|Any CPU.Build.0 = Release|Any CPU
	EndGlobalSection
	GlobalSection(SolutionProperties) = preSolution
		HideSolutionNode = FALSE
	EndGlobalSection
	GlobalSection(ExtensibilityGlobals) = postSolution
		SolutionGuid = {52D2FDC2-9207-435E-AF1B-A2C02F3D9978}
	EndGlobalSection
EndGlobal
