
Microsoft Visual Studio Solution File, Format Version 12.00
# Visual Studio Version 17
VisualStudioVersion = 17.5.002.0
MinimumVisualStudioVersion = 10.0.40219.1
Project("{9A19103F-16F7-4668-BE54-9A1E7A4F7556}") = "BankFinLib", "BankFinLib\BankFinLib.csproj", "{C20B5CE7-07D5-4A53-B230-5B24E91676EB}"
EndProject
Project("{9A19103F-16F7-4668-BE54-9A1E7A4F7556}") = "DemoApp", "DemoApp1\DemoApp.csproj", "{AE5A9CC2-8164-4582-BFDD-5BE496C78545}"
EndProject
Global
	GlobalSection(SolutionConfigurationPlatforms) = preSolution
		Debug|Any CPU = Debug|Any CPU
		Release|Any CPU = Release|Any CPU
	EndGlobalSection
	GlobalSection(ProjectConfigurationPlatforms) = postSolution
		{C20B5CE7-07D5-4A53-B230-5B24E91676EB}.Debug|Any CPU.ActiveCfg = Debug|Any CPU
		{C20B5CE7-07D5-4A53-B230-5B24E91676EB}.Debug|Any CPU.Build.0 = Debug|Any CPU
		{C20B5CE7-07D5-4A53-B230-5B24E91676EB}.Release|Any CPU.ActiveCfg = Release|Any CPU
		{C20B5CE7-07D5-4A53-B230-5B24E91676EB}.Release|Any CPU.Build.0 = Release|Any CPU
		{AE5A9CC2-8164-4582-BFDD-5BE496C78545}.Debug|Any CPU.ActiveCfg = Debug|Any CPU
		{AE5A9CC2-8164-4582-BFDD-5BE496C78545}.Debug|Any CPU.Build.0 = Debug|Any CPU
		{AE5A9CC2-8164-4582-BFDD-5BE496C78545}.Release|Any CPU.ActiveCfg = Release|Any CPU
		{AE5A9CC2-8164-4582-BFDD-5BE496C78545}.Release|Any CPU.Build.0 = Release|Any CPU
	EndGlobalSection
	GlobalSection(SolutionProperties) = preSolution
		HideSolutionNode = FALSE
	EndGlobalSection
	GlobalSection(ExtensibilityGlobals) = postSolution
		SolutionGuid = {3F3DF1C5-E879-40C9-899E-EDA3ADAC42C6}
	EndGlobalSection
EndGlobal
