
Microsoft Visual Studio Solution File, Format Version 12.00
# Visual Studio Version 17
VisualStudioVersion = 17.5.002.0
MinimumVisualStudioVersion = 10.0.40219.1
Project("{9A19103F-16F7-4668-BE54-9A1E7A4F7556}") = "funcdel", "funcdel.csproj", "{6824777E-8200-4A71-8C5D-6925F4AFC158}"
EndProject
Global
	GlobalSection(SolutionConfigurationPlatforms) = preSolution
		Debug|Any CPU = Debug|Any CPU
		Release|Any CPU = Release|Any CPU
	EndGlobalSection
	GlobalSection(ProjectConfigurationPlatforms) = postSolution
		{6824777E-8200-4A71-8C5D-6925F4AFC158}.Debug|Any CPU.ActiveCfg = Debug|Any CPU
		{6824777E-8200-4A71-8C5D-6925F4AFC158}.Debug|Any CPU.Build.0 = Debug|Any CPU
		{6824777E-8200-4A71-8C5D-6925F4AFC158}.Release|Any CPU.ActiveCfg = Release|Any CPU
		{6824777E-8200-4A71-8C5D-6925F4AFC158}.Release|Any CPU.Build.0 = Release|Any CPU
	EndGlobalSection
	GlobalSection(SolutionProperties) = preSolution
		HideSolutionNode = FALSE
	EndGlobalSection
	GlobalSection(ExtensibilityGlobals) = postSolution
		SolutionGuid = {F6B7775E-67E7-4730-8A46-23F262AF7856}
	EndGlobalSection
EndGlobal
