
Microsoft Visual Studio Solution File, Format Version 12.00
# Visual Studio Version 17
VisualStudioVersion = 17.5.002.0
MinimumVisualStudioVersion = 10.0.40219.1
Project("{9A19103F-16F7-4668-BE54-9A1E7A4F7556}") = "loan", "loanapp\loan.csproj", "{370761CF-E9A9-4057-946F-0DEB9BDE5723}"
EndProject
Project("{9A19103F-16F7-4668-BE54-9A1E7A4F7556}") = "main", "main\main.csproj", "{201F553C-E4B7-475A-850F-B6D7FA2FBDE8}"
EndProject
Global
	GlobalSection(SolutionConfigurationPlatforms) = preSolution
		Debug|Any CPU = Debug|Any CPU
		Release|Any CPU = Release|Any CPU
	EndGlobalSection
	GlobalSection(ProjectConfigurationPlatforms) = postSolution
		{370761CF-E9A9-4057-946F-0DEB9BDE5723}.Debug|Any CPU.ActiveCfg = Debug|Any CPU
		{370761CF-E9A9-4057-946F-0DEB9BDE5723}.Debug|Any CPU.Build.0 = Debug|Any CPU
		{370761CF-E9A9-4057-946F-0DEB9BDE5723}.Release|Any CPU.ActiveCfg = Release|Any CPU
		{370761CF-E9A9-4057-946F-0DEB9BDE5723}.Release|Any CPU.Build.0 = Release|Any CPU
		{201F553C-E4B7-475A-850F-B6D7FA2FBDE8}.Debug|Any CPU.ActiveCfg = Debug|Any CPU
		{201F553C-E4B7-475A-850F-B6D7FA2FBDE8}.Debug|Any CPU.Build.0 = Debug|Any CPU
		{201F553C-E4B7-475A-850F-B6D7FA2FBDE8}.Release|Any CPU.ActiveCfg = Release|Any CPU
		{201F553C-E4B7-475A-850F-B6D7FA2FBDE8}.Release|Any CPU.Build.0 = Release|Any CPU
	EndGlobalSection
	GlobalSection(SolutionProperties) = preSolution
		HideSolutionNode = FALSE
	EndGlobalSection
	GlobalSection(ExtensibilityGlobals) = postSolution
		SolutionGuid = {FD52D8E7-1E6B-414B-8D56-4DEC2A1AD292}
	EndGlobalSection
EndGlobal
