
Microsoft Visual Studio Solution File, Format Version 12.00
# Visual Studio Version 17
VisualStudioVersion = 17.5.002.0
MinimumVisualStudioVersion = 10.0.40219.1
Project("{9A19103F-16F7-4668-BE54-9A1E7A4F7556}") = "loanlib", "Loan\loanlib.csproj", "{4644D0A2-07E4-412E-8B10-3359F69A690D}"
EndProject
Project("{9A19103F-16F7-4668-BE54-9A1E7A4F7556}") = "demoapp", "loanapp\demoapp.csproj", "{66328AB6-4E84-4E95-AC70-C7EFD1A2A085}"
EndProject
Global
	GlobalSection(SolutionConfigurationPlatforms) = preSolution
		Debug|Any CPU = Debug|Any CPU
		Release|Any CPU = Release|Any CPU
	EndGlobalSection
	GlobalSection(ProjectConfigurationPlatforms) = postSolution
		{4644D0A2-07E4-412E-8B10-3359F69A690D}.Debug|Any CPU.ActiveCfg = Debug|Any CPU
		{4644D0A2-07E4-412E-8B10-3359F69A690D}.Debug|Any CPU.Build.0 = Debug|Any CPU
		{4644D0A2-07E4-412E-8B10-3359F69A690D}.Release|Any CPU.ActiveCfg = Release|Any CPU
		{4644D0A2-07E4-412E-8B10-3359F69A690D}.Release|Any CPU.Build.0 = Release|Any CPU
		{66328AB6-4E84-4E95-AC70-C7EFD1A2A085}.Debug|Any CPU.ActiveCfg = Debug|Any CPU
		{66328AB6-4E84-4E95-AC70-C7EFD1A2A085}.Debug|Any CPU.Build.0 = Debug|Any CPU
		{66328AB6-4E84-4E95-AC70-C7EFD1A2A085}.Release|Any CPU.ActiveCfg = Release|Any CPU
		{66328AB6-4E84-4E95-AC70-C7EFD1A2A085}.Release|Any CPU.Build.0 = Release|Any CPU
	EndGlobalSection
	GlobalSection(SolutionProperties) = preSolution
		HideSolutionNode = FALSE
	EndGlobalSection
	GlobalSection(ExtensibilityGlobals) = postSolution
		SolutionGuid = {3387A9C1-C0CB-4709-8F0D-4D5E9F857904}
	EndGlobalSection
EndGlobal
