
Microsoft Visual Studio Solution File, Format Version 12.00
# Visual Studio Version 17
VisualStudioVersion = 17.5.002.0
MinimumVisualStudioVersion = 10.0.40219.1
Project("{9A19103F-16F7-4668-BE54-9A1E7A4F7556}") = "DemoApp", "DemoApp1\DemoApp.csproj", "{2DDA7CE6-EF4B-4B2F-B6AD-72A7CE7B1862}"
EndProject
Project("{9A19103F-16F7-4668-BE54-9A1E7A4F7556}") = "DemoApp (1)", "DemoApp2\DemoApp.csproj", "{3C02E49A-FD6E-4889-AF9C-86D7122FA12A}"
EndProject
Project("{9A19103F-16F7-4668-BE54-9A1E7A4F7556}") = "Sales", "SalesLib\Sales.csproj", "{70F9D5C8-34FB-4F19-85F8-13C4E8A6C024}"
EndProject
Global
	GlobalSection(SolutionConfigurationPlatforms) = preSolution
		Debug|Any CPU = Debug|Any CPU
		Release|Any CPU = Release|Any CPU
	EndGlobalSection
	GlobalSection(ProjectConfigurationPlatforms) = postSolution
		{2DDA7CE6-EF4B-4B2F-B6AD-72A7CE7B1862}.Debug|Any CPU.ActiveCfg = Debug|Any CPU
		{2DDA7CE6-EF4B-4B2F-B6AD-72A7CE7B1862}.Debug|Any CPU.Build.0 = Debug|Any CPU
		{2DDA7CE6-EF4B-4B2F-B6AD-72A7CE7B1862}.Release|Any CPU.ActiveCfg = Release|Any CPU
		{2DDA7CE6-EF4B-4B2F-B6AD-72A7CE7B1862}.Release|Any CPU.Build.0 = Release|Any CPU
		{3C02E49A-FD6E-4889-AF9C-86D7122FA12A}.Debug|Any CPU.ActiveCfg = Debug|Any CPU
		{3C02E49A-FD6E-4889-AF9C-86D7122FA12A}.Debug|Any CPU.Build.0 = Debug|Any CPU
		{3C02E49A-FD6E-4889-AF9C-86D7122FA12A}.Release|Any CPU.ActiveCfg = Release|Any CPU
		{3C02E49A-FD6E-4889-AF9C-86D7122FA12A}.Release|Any CPU.Build.0 = Release|Any CPU
		{70F9D5C8-34FB-4F19-85F8-13C4E8A6C024}.Debug|Any CPU.ActiveCfg = Debug|Any CPU
		{70F9D5C8-34FB-4F19-85F8-13C4E8A6C024}.Debug|Any CPU.Build.0 = Debug|Any CPU
		{70F9D5C8-34FB-4F19-85F8-13C4E8A6C024}.Release|Any CPU.ActiveCfg = Release|Any CPU
		{70F9D5C8-34FB-4F19-85F8-13C4E8A6C024}.Release|Any CPU.Build.0 = Release|Any CPU
	EndGlobalSection
	GlobalSection(SolutionProperties) = preSolution
		HideSolutionNode = FALSE
	EndGlobalSection
	GlobalSection(ExtensibilityGlobals) = postSolution
		SolutionGuid = {BBE3C960-2FE7-4783-A511-960A0518E4FF}
	EndGlobalSection
EndGlobal
