
Microsoft Visual Studio Solution File, Format Version 12.00
# Visual Studio Version 17
VisualStudioVersion = 17.5.002.0
MinimumVisualStudioVersion = 10.0.40219.1
Project("{9A19103F-16F7-4668-BE54-9A1E7A4F7556}") = "DemoApp", "DemoApp.csproj", "{A43E797D-C62B-4684-AD77-6EDE07354EAF}"
EndProject
Global
	GlobalSection(SolutionConfigurationPlatforms) = preSolution
		Debug|Any CPU = Debug|Any CPU
		Release|Any CPU = Release|Any CPU
	EndGlobalSection
	GlobalSection(ProjectConfigurationPlatforms) = postSolution
		{A43E797D-C62B-4684-AD77-6EDE07354EAF}.Debug|Any CPU.ActiveCfg = Debug|Any CPU
		{A43E797D-C62B-4684-AD77-6EDE07354EAF}.Debug|Any CPU.Build.0 = Debug|Any CPU
		{A43E797D-C62B-4684-AD77-6EDE07354EAF}.Release|Any CPU.ActiveCfg = Release|Any CPU
		{A43E797D-C62B-4684-AD77-6EDE07354EAF}.Release|Any CPU.Build.0 = Release|Any CPU
	EndGlobalSection
	GlobalSection(SolutionProperties) = preSolution
		HideSolutionNode = FALSE
	EndGlobalSection
	GlobalSection(ExtensibilityGlobals) = postSolution
		SolutionGuid = {6A7B2AD3-6511-45DF-A497-9CE1D2843B26}
	EndGlobalSection
EndGlobal
