
Microsoft Visual Studio Solution File, Format Version 12.00
# Visual Studio Version 17
VisualStudioVersion = 17.5.002.0
MinimumVisualStudioVersion = 10.0.40219.1
Project("{2150E333-8FDC-42A3-9474-1A3956D46DE8}") = "DelegateTest", "DelegateTest", "{691DFA3E-F9C6-4A5D-9DCD-6CFA8BDB1DC6}"
EndProject
Project("{9A19103F-16F7-4668-BE54-9A1E7A4F7556}") = "DemoApp", "DelegateTest\DemoApp\DemoApp.csproj", "{E5F3E975-488B-4A9B-BD9F-5508D73409D0}"
EndProject
Global
	GlobalSection(SolutionConfigurationPlatforms) = preSolution
		Debug|Any CPU = Debug|Any CPU
		Release|Any CPU = Release|Any CPU
	EndGlobalSection
	GlobalSection(ProjectConfigurationPlatforms) = postSolution
		{E5F3E975-488B-4A9B-BD9F-5508D73409D0}.Debug|Any CPU.ActiveCfg = Debug|Any CPU
		{E5F3E975-488B-4A9B-BD9F-5508D73409D0}.Debug|Any CPU.Build.0 = Debug|Any CPU
		{E5F3E975-488B-4A9B-BD9F-5508D73409D0}.Release|Any CPU.ActiveCfg = Release|Any CPU
		{E5F3E975-488B-4A9B-BD9F-5508D73409D0}.Release|Any CPU.Build.0 = Release|Any CPU
	EndGlobalSection
	GlobalSection(SolutionProperties) = preSolution
		HideSolutionNode = FALSE
	EndGlobalSection
	GlobalSection(NestedProjects) = preSolution
		{E5F3E975-488B-4A9B-BD9F-5508D73409D0} = {691DFA3E-F9C6-4A5D-9DCD-6CFA8BDB1DC6}
	EndGlobalSection
	GlobalSection(ExtensibilityGlobals) = postSolution
		SolutionGuid = {B9C2B35D-5958-41AB-87B1-819F678170C3}
	EndGlobalSection
EndGlobal
