
Microsoft Visual Studio Solution File, Format Version 12.00
# Visual Studio Version 17
VisualStudioVersion = 17.5.002.0
MinimumVisualStudioVersion = 10.0.40219.1
Project("{9A19103F-16F7-4668-BE54-9A1E7A4F7556}") = "entityDB", "company\entityDB.csproj", "{F7666032-FBCB-4FEE-9106-3D0BC0A9CB9D}"
EndProject
Global
	GlobalSection(SolutionConfigurationPlatforms) = preSolution
		Debug|Any CPU = Debug|Any CPU
		Release|Any CPU = Release|Any CPU
	EndGlobalSection
	GlobalSection(ProjectConfigurationPlatforms) = postSolution
		{F7666032-FBCB-4FEE-9106-3D0BC0A9CB9D}.Debug|Any CPU.ActiveCfg = Debug|Any CPU
		{F7666032-FBCB-4FEE-9106-3D0BC0A9CB9D}.Debug|Any CPU.Build.0 = Debug|Any CPU
		{F7666032-FBCB-4FEE-9106-3D0BC0A9CB9D}.Release|Any CPU.ActiveCfg = Release|Any CPU
		{F7666032-FBCB-4FEE-9106-3D0BC0A9CB9D}.Release|Any CPU.Build.0 = Release|Any CPU
	EndGlobalSection
	GlobalSection(SolutionProperties) = preSolution
		HideSolutionNode = FALSE
	EndGlobalSection
	GlobalSection(ExtensibilityGlobals) = postSolution
		SolutionGuid = {C3631286-ADB4-4222-B6B2-584F0C576A58}
	EndGlobalSection
EndGlobal
